
Microsoft Visual Studio Solution File, Format Version 12.00
# Visual Studio 2013
VisualStudioVersion = 12.0.31101.0
MinimumVisualStudioVersion = 10.0.40219.1
Project("{FAE04EC0-301F-11D3-BF4B-00C04F79EFBC}") = "ContentPageDemo", "ContentPageDemo\ContentPageDemo\ContentPageDemo.csproj", "{D6F397CF-C08B-41AD-A99B-E8D18520858D}"
EndProject
Project("{FAE04EC0-301F-11D3-BF4B-00C04F79EFBC}") = "ContentPageDemo.iOS", "ContentPageDemo\ContentPageDemo.iOS\ContentPageDemo.iOS.csproj", "{617E6C76-469D-4D3F-8C44-92BDE9BB3A1F}"
EndProject
Project("{FAE04EC0-301F-11D3-BF4B-00C04F79EFBC}") = "ContentPageDemo.Android", "ContentPageDemo\ContentPageDemo.Android\ContentPageDemo.Android.csproj", "{117801CD-C99C-4DE3-9FCA-B9760A7FBA29}"
EndProject
Project("{FAE04EC0-301F-11D3-BF4B-00C04F79EFBC}") = "ContentPageDemo.WinPhone", "ContentPageDemo\ContentPageDemo.WinPhone\ContentPageDemo.WinPhone.csproj", "{31D993C4-D153-4D9C-86DB-A1E306BD6C23}"
EndProject
Project("{2150E333-8FDC-42A3-9474-1A3956D46DE8}") = "Solution Items", "Solution Items", "{E7DEB616-0B23-439E-9D84-D321F2F9AB4D}"
	ProjectSection(SolutionItems) = preProject
		styles.css = styles.css
	EndProjectSection
EndProject
Global
	GlobalSection(SolutionConfigurationPlatforms) = preSolution
		Ad-Hoc|Any CPU = Ad-Hoc|Any CPU
		Ad-Hoc|ARM = Ad-Hoc|ARM
		Ad-Hoc|iPhone = Ad-Hoc|iPhone
		Ad-Hoc|iPhoneSimulator = Ad-Hoc|iPhoneSimulator
		Ad-Hoc|Mixed Platforms = Ad-Hoc|Mixed Platforms
		Ad-Hoc|x86 = Ad-Hoc|x86
		AppStore|Any CPU = AppStore|Any CPU
		AppStore|ARM = AppStore|ARM
		AppStore|iPhone = AppStore|iPhone
		AppStore|iPhoneSimulator = AppStore|iPhoneSimulator
		AppStore|Mixed Platforms = AppStore|Mixed Platforms
		AppStore|x86 = AppStore|x86
		Debug|Any CPU = Debug|Any CPU
		Debug|ARM = Debug|ARM
		Debug|iPhone = Debug|iPhone
		Debug|iPhoneSimulator = Debug|iPhoneSimulator
		Debug|Mixed Platforms = Debug|Mixed Platforms
		Debug|x86 = Debug|x86
		Release|Any CPU = Release|Any CPU
		Release|ARM = Release|ARM
		Release|iPhone = Release|iPhone
		Release|iPhoneSimulator = Release|iPhoneSimulator
		Release|Mixed Platforms = Release|Mixed Platforms
		Release|x86 = Release|x86
	EndGlobalSection
	GlobalSection(ProjectConfigurationPlatforms) = postSolution
		{D6F397CF-C08B-41AD-A99B-E8D18520858D}.Ad-Hoc|Any CPU.ActiveCfg = Release|Any CPU
		{D6F397CF-C08B-41AD-A99B-E8D18520858D}.Ad-Hoc|Any CPU.Build.0 = Release|Any CPU
		{D6F397CF-C08B-41AD-A99B-E8D18520858D}.Ad-Hoc|ARM.ActiveCfg = Release|Any CPU
		{D6F397CF-C08B-41AD-A99B-E8D18520858D}.Ad-Hoc|iPhone.ActiveCfg = Release|Any CPU
		{D6F397CF-C08B-41AD-A99B-E8D18520858D}.Ad-Hoc|iPhoneSimulator.ActiveCfg = Release|Any CPU
		{D6F397CF-C08B-41AD-A99B-E8D18520858D}.Ad-Hoc|Mixed Platforms.ActiveCfg = Release|Any CPU
		{D6F397CF-C08B-41AD-A99B-E8D18520858D}.Ad-Hoc|Mixed Platforms.Build.0 = Release|Any CPU
		{D6F397CF-C08B-41AD-A99B-E8D18520858D}.Ad-Hoc|x86.ActiveCfg = Release|Any CPU
		{D6F397CF-C08B-41AD-A99B-E8D18520858D}.AppStore|Any CPU.ActiveCfg = Release|Any CPU
		{D6F397CF-C08B-41AD-A99B-E8D18520858D}.AppStore|Any CPU.Build.0 = Release|Any CPU
		{D6F397CF-C08B-41AD-A99B-E8D18520858D}.AppStore|ARM.ActiveCfg = Release|Any CPU
		{D6F397CF-C08B-41AD-A99B-E8D18520858D}.AppStore|iPhone.ActiveCfg = Release|Any CPU
		{D6F397CF-C08B-41AD-A99B-E8D18520858D}.AppStore|iPhoneSimulator.ActiveCfg = Release|Any CPU
		{D6F397CF-C08B-41AD-A99B-E8D18520858D}.AppStore|Mixed Platforms.ActiveCfg = Release|Any CPU
		{D6F397CF-C08B-41AD-A99B-E8D18520858D}.AppStore|Mixed Platforms.Build.0 = Release|Any CPU
		{D6F397CF-C08B-41AD-A99B-E8D18520858D}.AppStore|x86.ActiveCfg = Release|Any CPU
		{D6F397CF-C08B-41AD-A99B-E8D18520858D}.Debug|Any CPU.ActiveCfg = Debug|Any CPU
		{D6F397CF-C08B-41AD-A99B-E8D18520858D}.Debug|Any CPU.Build.0 = Debug|Any CPU
		{D6F397CF-C08B-41AD-A99B-E8D18520858D}.Debug|ARM.ActiveCfg = Debug|Any CPU
		{D6F397CF-C08B-41AD-A99B-E8D18520858D}.Debug|iPhone.ActiveCfg = Debug|Any CPU
		{D6F397CF-C08B-41AD-A99B-E8D18520858D}.Debug|iPhoneSimulator.ActiveCfg = Debug|Any CPU
		{D6F397CF-C08B-41AD-A99B-E8D18520858D}.Debug|Mixed Platforms.ActiveCfg = Debug|Any CPU
		{D6F397CF-C08B-41AD-A99B-E8D18520858D}.Debug|Mixed Platforms.Build.0 = Debug|Any CPU
		{D6F397CF-C08B-41AD-A99B-E8D18520858D}.Debug|x86.ActiveCfg = Debug|Any CPU
		{D6F397CF-C08B-41AD-A99B-E8D18520858D}.Release|Any CPU.ActiveCfg = Release|Any CPU
		{D6F397CF-C08B-41AD-A99B-E8D18520858D}.Release|Any CPU.Build.0 = Release|Any CPU
		{D6F397CF-C08B-41AD-A99B-E8D18520858D}.Release|ARM.ActiveCfg = Release|Any CPU
		{D6F397CF-C08B-41AD-A99B-E8D18520858D}.Release|iPhone.ActiveCfg = Release|Any CPU
		{D6F397CF-C08B-41AD-A99B-E8D18520858D}.Release|iPhoneSimulator.ActiveCfg = Release|Any CPU
		{D6F397CF-C08B-41AD-A99B-E8D18520858D}.Release|Mixed Platforms.ActiveCfg = Release|Any CPU
		{D6F397CF-C08B-41AD-A99B-E8D18520858D}.Release|Mixed Platforms.Build.0 = Release|Any CPU
		{D6F397CF-C08B-41AD-A99B-E8D18520858D}.Release|x86.ActiveCfg = Release|Any CPU
		{617E6C76-469D-4D3F-8C44-92BDE9BB3A1F}.Ad-Hoc|Any CPU.ActiveCfg = Ad-Hoc|iPhone
		{617E6C76-469D-4D3F-8C44-92BDE9BB3A1F}.Ad-Hoc|ARM.ActiveCfg = Ad-Hoc|iPhone
		{617E6C76-469D-4D3F-8C44-92BDE9BB3A1F}.Ad-Hoc|iPhone.ActiveCfg = Ad-Hoc|iPhone
		{617E6C76-469D-4D3F-8C44-92BDE9BB3A1F}.Ad-Hoc|iPhone.Build.0 = Ad-Hoc|iPhone
		{617E6C76-469D-4D3F-8C44-92BDE9BB3A1F}.Ad-Hoc|iPhoneSimulator.ActiveCfg = Ad-Hoc|iPhoneSimulator
		{617E6C76-469D-4D3F-8C44-92BDE9BB3A1F}.Ad-Hoc|iPhoneSimulator.Build.0 = Ad-Hoc|iPhoneSimulator
		{617E6C76-469D-4D3F-8C44-92BDE9BB3A1F}.Ad-Hoc|Mixed Platforms.ActiveCfg = Ad-Hoc|iPhone
		{617E6C76-469D-4D3F-8C44-92BDE9BB3A1F}.Ad-Hoc|Mixed Platforms.Build.0 = Ad-Hoc|iPhone
		{617E6C76-469D-4D3F-8C44-92BDE9BB3A1F}.Ad-Hoc|x86.ActiveCfg = Ad-Hoc|iPhone
		{617E6C76-469D-4D3F-8C44-92BDE9BB3A1F}.AppStore|Any CPU.ActiveCfg = AppStore|iPhone
		{617E6C76-469D-4D3F-8C44-92BDE9BB3A1F}.AppStore|ARM.ActiveCfg = AppStore|iPhone
		{617E6C76-469D-4D3F-8C44-92BDE9BB3A1F}.AppStore|iPhone.ActiveCfg = AppStore|iPhone
		{617E6C76-469D-4D3F-8C44-92BDE9BB3A1F}.AppStore|iPhone.Build.0 = AppStore|iPhone
		{617E6C76-469D-4D3F-8C44-92BDE9BB3A1F}.AppStore|iPhoneSimulator.ActiveCfg = AppStore|iPhoneSimulator
		{617E6C76-469D-4D3F-8C44-92BDE9BB3A1F}.AppStore|iPhoneSimulator.Build.0 = AppStore|iPhoneSimulator
		{617E6C76-469D-4D3F-8C44-92BDE9BB3A1F}.AppStore|Mixed Platforms.ActiveCfg = AppStore|iPhone
		{617E6C76-469D-4D3F-8C44-92BDE9BB3A1F}.AppStore|Mixed Platforms.Build.0 = AppStore|iPhone
		{617E6C76-469D-4D3F-8C44-92BDE9BB3A1F}.AppStore|x86.ActiveCfg = AppStore|iPhone
		{617E6C76-469D-4D3F-8C44-92BDE9BB3A1F}.Debug|Any CPU.ActiveCfg = Debug|iPhone
		{617E6C76-469D-4D3F-8C44-92BDE9BB3A1F}.Debug|ARM.ActiveCfg = Debug|iPhone
		{617E6C76-469D-4D3F-8C44-92BDE9BB3A1F}.Debug|iPhone.ActiveCfg = Debug|iPhone
		{617E6C76-469D-4D3F-8C44-92BDE9BB3A1F}.Debug|iPhone.Build.0 = Debug|iPhone
		{617E6C76-469D-4D3F-8C44-92BDE9BB3A1F}.Debug|iPhoneSimulator.ActiveCfg = Debug|iPhoneSimulator
		{617E6C76-469D-4D3F-8C44-92BDE9BB3A1F}.Debug|iPhoneSimulator.Build.0 = Debug|iPhoneSimulator
		{617E6C76-469D-4D3F-8C44-92BDE9BB3A1F}.Debug|Mixed Platforms.ActiveCfg = Debug|iPhoneSimulator
		{617E6C76-469D-4D3F-8C44-92BDE9BB3A1F}.Debug|Mixed Platforms.Build.0 = Debug|iPhoneSimulator
		{617E6C76-469D-4D3F-8C44-92BDE9BB3A1F}.Debug|Mixed Platforms.Deploy.0 = Debug|iPhoneSimulator
		{617E6C76-469D-4D3F-8C44-92BDE9BB3A1F}.Debug|x86.ActiveCfg = Debug|iPhone
		{617E6C76-469D-4D3F-8C44-92BDE9BB3A1F}.Release|Any CPU.ActiveCfg = Release|iPhone
		{617E6C76-469D-4D3F-8C44-92BDE9BB3A1F}.Release|ARM.ActiveCfg = Release|iPhone
		{617E6C76-469D-4D3F-8C44-92BDE9BB3A1F}.Release|iPhone.ActiveCfg = Release|iPhone
		{617E6C76-469D-4D3F-8C44-92BDE9BB3A1F}.Release|iPhone.Build.0 = Release|iPhone
		{617E6C76-469D-4D3F-8C44-92BDE9BB3A1F}.Release|iPhoneSimulator.ActiveCfg = Release|iPhoneSimulator
		{617E6C76-469D-4D3F-8C44-92BDE9BB3A1F}.Release|iPhoneSimulator.Build.0 = Release|iPhoneSimulator
		{617E6C76-469D-4D3F-8C44-92BDE9BB3A1F}.Release|Mixed Platforms.ActiveCfg = Release|iPhone
		{617E6C76-469D-4D3F-8C44-92BDE9BB3A1F}.Release|Mixed Platforms.Build.0 = Release|iPhone
		{617E6C76-469D-4D3F-8C44-92BDE9BB3A1F}.Release|x86.ActiveCfg = Release|iPhone
		{117801CD-C99C-4DE3-9FCA-B9760A7FBA29}.Ad-Hoc|Any CPU.ActiveCfg = Release|Any CPU
		{117801CD-C99C-4DE3-9FCA-B9760A7FBA29}.Ad-Hoc|Any CPU.Build.0 = Release|Any CPU
		{117801CD-C99C-4DE3-9FCA-B9760A7FBA29}.Ad-Hoc|Any CPU.Deploy.0 = Release|Any CPU
		{117801CD-C99C-4DE3-9FCA-B9760A7FBA29}.Ad-Hoc|ARM.ActiveCfg = Release|Any CPU
		{117801CD-C99C-4DE3-9FCA-B9760A7FBA29}.Ad-Hoc|iPhone.ActiveCfg = Release|Any CPU
		{117801CD-C99C-4DE3-9FCA-B9760A7FBA29}.Ad-Hoc|iPhoneSimulator.ActiveCfg = Release|Any CPU
		{117801CD-C99C-4DE3-9FCA-B9760A7FBA29}.Ad-Hoc|Mixed Platforms.ActiveCfg = Release|Any CPU
		{117801CD-C99C-4DE3-9FCA-B9760A7FBA29}.Ad-Hoc|Mixed Platforms.Build.0 = Release|Any CPU
		{117801CD-C99C-4DE3-9FCA-B9760A7FBA29}.Ad-Hoc|Mixed Platforms.Deploy.0 = Release|Any CPU
		{117801CD-C99C-4DE3-9FCA-B9760A7FBA29}.Ad-Hoc|x86.ActiveCfg = Release|Any CPU
		{117801CD-C99C-4DE3-9FCA-B9760A7FBA29}.AppStore|Any CPU.ActiveCfg = Release|Any CPU
		{117801CD-C99C-4DE3-9FCA-B9760A7FBA29}.AppStore|Any CPU.Build.0 = Release|Any CPU
		{117801CD-C99C-4DE3-9FCA-B9760A7FBA29}.AppStore|Any CPU.Deploy.0 = Release|Any CPU
		{117801CD-C99C-4DE3-9FCA-B9760A7FBA29}.AppStore|ARM.ActiveCfg = Release|Any CPU
		{117801CD-C99C-4DE3-9FCA-B9760A7FBA29}.AppStore|iPhone.ActiveCfg = Release|Any CPU
		{117801CD-C99C-4DE3-9FCA-B9760A7FBA29}.AppStore|iPhoneSimulator.ActiveCfg = Release|Any CPU
		{117801CD-C99C-4DE3-9FCA-B9760A7FBA29}.AppStore|Mixed Platforms.ActiveCfg = Release|Any CPU
		{117801CD-C99C-4DE3-9FCA-B9760A7FBA29}.AppStore|Mixed Platforms.Build.0 = Release|Any CPU
		{117801CD-C99C-4DE3-9FCA-B9760A7FBA29}.AppStore|Mixed Platforms.Deploy.0 = Release|Any CPU
		{117801CD-C99C-4DE3-9FCA-B9760A7FBA29}.AppStore|x86.ActiveCfg = Release|Any CPU
		{117801CD-C99C-4DE3-9FCA-B9760A7FBA29}.Debug|Any CPU.ActiveCfg = Debug|Any CPU
		{117801CD-C99C-4DE3-9FCA-B9760A7FBA29}.Debug|Any CPU.Build.0 = Debug|Any CPU
		{117801CD-C99C-4DE3-9FCA-B9760A7FBA29}.Debug|Any CPU.Deploy.0 = Debug|Any CPU
		{117801CD-C99C-4DE3-9FCA-B9760A7FBA29}.Debug|ARM.ActiveCfg = Debug|Any CPU
		{117801CD-C99C-4DE3-9FCA-B9760A7FBA29}.Debug|iPhone.ActiveCfg = Debug|Any CPU
		{117801CD-C99C-4DE3-9FCA-B9760A7FBA29}.Debug|iPhoneSimulator.ActiveCfg = Debug|Any CPU
		{117801CD-C99C-4DE3-9FCA-B9760A7FBA29}.Debug|Mixed Platforms.ActiveCfg = Debug|Any CPU
		{117801CD-C99C-4DE3-9FCA-B9760A7FBA29}.Debug|Mixed Platforms.Build.0 = Debug|Any CPU
		{117801CD-C99C-4DE3-9FCA-B9760A7FBA29}.Debug|Mixed Platforms.Deploy.0 = Debug|Any CPU
		{117801CD-C99C-4DE3-9FCA-B9760A7FBA29}.Debug|x86.ActiveCfg = Debug|Any CPU
		{117801CD-C99C-4DE3-9FCA-B9760A7FBA29}.Release|Any CPU.ActiveCfg = Release|Any CPU
		{117801CD-C99C-4DE3-9FCA-B9760A7FBA29}.Release|Any CPU.Build.0 = Release|Any CPU
		{117801CD-C99C-4DE3-9FCA-B9760A7FBA29}.Release|Any CPU.Deploy.0 = Release|Any CPU
		{117801CD-C99C-4DE3-9FCA-B9760A7FBA29}.Release|ARM.ActiveCfg = Release|Any CPU
		{117801CD-C99C-4DE3-9FCA-B9760A7FBA29}.Release|iPhone.ActiveCfg = Release|Any CPU
		{117801CD-C99C-4DE3-9FCA-B9760A7FBA29}.Release|iPhoneSimulator.ActiveCfg = Release|Any CPU
		{117801CD-C99C-4DE3-9FCA-B9760A7FBA29}.Release|Mixed Platforms.ActiveCfg = Release|Any CPU
		{117801CD-C99C-4DE3-9FCA-B9760A7FBA29}.Release|Mixed Platforms.Build.0 = Release|Any CPU
		{117801CD-C99C-4DE3-9FCA-B9760A7FBA29}.Release|Mixed Platforms.Deploy.0 = Release|Any CPU
		{117801CD-C99C-4DE3-9FCA-B9760A7FBA29}.Release|x86.ActiveCfg = Release|Any CPU
		{31D993C4-D153-4D9C-86DB-A1E306BD6C23}.Ad-Hoc|Any CPU.ActiveCfg = Release|Any CPU
		{31D993C4-D153-4D9C-86DB-A1E306BD6C23}.Ad-Hoc|Any CPU.Build.0 = Release|Any CPU
		{31D993C4-D153-4D9C-86DB-A1E306BD6C23}.Ad-Hoc|Any CPU.Deploy.0 = Release|Any CPU
		{31D993C4-D153-4D9C-86DB-A1E306BD6C23}.Ad-Hoc|ARM.ActiveCfg = Release|ARM
		{31D993C4-D153-4D9C-86DB-A1E306BD6C23}.Ad-Hoc|ARM.Build.0 = Release|ARM
		{31D993C4-D153-4D9C-86DB-A1E306BD6C23}.Ad-Hoc|ARM.Deploy.0 = Release|ARM
		{31D993C4-D153-4D9C-86DB-A1E306BD6C23}.Ad-Hoc|iPhone.ActiveCfg = Release|Any CPU
		{31D993C4-D153-4D9C-86DB-A1E306BD6C23}.Ad-Hoc|iPhoneSimulator.ActiveCfg = Release|Any CPU
		{31D993C4-D153-4D9C-86DB-A1E306BD6C23}.Ad-Hoc|Mixed Platforms.ActiveCfg = Release|x86
		{31D993C4-D153-4D9C-86DB-A1E306BD6C23}.Ad-Hoc|Mixed Platforms.Build.0 = Release|x86
		{31D993C4-D153-4D9C-86DB-A1E306BD6C23}.Ad-Hoc|Mixed Platforms.Deploy.0 = Release|x86
		{31D993C4-D153-4D9C-86DB-A1E306BD6C23}.Ad-Hoc|x86.ActiveCfg = Release|x86
		{31D993C4-D153-4D9C-86DB-A1E306BD6C23}.Ad-Hoc|x86.Build.0 = Release|x86
		{31D993C4-D153-4D9C-86DB-A1E306BD6C23}.Ad-Hoc|x86.Deploy.0 = Release|x86
		{31D993C4-D153-4D9C-86DB-A1E306BD6C23}.AppStore|Any CPU.ActiveCfg = Release|Any CPU
		{31D993C4-D153-4D9C-86DB-A1E306BD6C23}.AppStore|Any CPU.Build.0 = Release|Any CPU
		{31D993C4-D153-4D9C-86DB-A1E306BD6C23}.AppStore|Any CPU.Deploy.0 = Release|Any CPU
		{31D993C4-D153-4D9C-86DB-A1E306BD6C23}.AppStore|ARM.ActiveCfg = Release|ARM
		{31D993C4-D153-4D9C-86DB-A1E306BD6C23}.AppStore|ARM.Build.0 = Release|ARM
		{31D993C4-D153-4D9C-86DB-A1E306BD6C23}.AppStore|ARM.Deploy.0 = Release|ARM
		{31D993C4-D153-4D9C-86DB-A1E306BD6C23}.AppStore|iPhone.ActiveCfg = Release|Any CPU
		{31D993C4-D153-4D9C-86DB-A1E306BD6C23}.AppStore|iPhoneSimulator.ActiveCfg = Release|Any CPU
		{31D993C4-D153-4D9C-86DB-A1E306BD6C23}.AppStore|Mixed Platforms.ActiveCfg = Release|x86
		{31D993C4-D153-4D9C-86DB-A1E306BD6C23}.AppStore|Mixed Platforms.Build.0 = Release|x86
		{31D993C4-D153-4D9C-86DB-A1E306BD6C23}.AppStore|Mixed Platforms.Deploy.0 = Release|x86
		{31D993C4-D153-4D9C-86DB-A1E306BD6C23}.AppStore|x86.ActiveCfg = Release|x86
		{31D993C4-D153-4D9C-86DB-A1E306BD6C23}.AppStore|x86.Build.0 = Release|x86
		{31D993C4-D153-4D9C-86DB-A1E306BD6C23}.AppStore|x86.Deploy.0 = Release|x86
		{31D993C4-D153-4D9C-86DB-A1E306BD6C23}.Debug|Any CPU.ActiveCfg = Debug|Any CPU
		{31D993C4-D153-4D9C-86DB-A1E306BD6C23}.Debug|Any CPU.Build.0 = Debug|Any CPU
		{31D993C4-D153-4D9C-86DB-A1E306BD6C23}.Debug|Any CPU.Deploy.0 = Debug|Any CPU
		{31D993C4-D153-4D9C-86DB-A1E306BD6C23}.Debug|ARM.ActiveCfg = Debug|ARM
		{31D993C4-D153-4D9C-86DB-A1E306BD6C23}.Debug|ARM.Build.0 = Debug|ARM
		{31D993C4-D153-4D9C-86DB-A1E306BD6C23}.Debug|ARM.Deploy.0 = Debug|ARM
		{31D993C4-D153-4D9C-86DB-A1E306BD6C23}.Debug|iPhone.ActiveCfg = Debug|Any CPU
		{31D993C4-D153-4D9C-86DB-A1E306BD6C23}.Debug|iPhoneSimulator.ActiveCfg = Debug|Any CPU
		{31D993C4-D153-4D9C-86DB-A1E306BD6C23}.Debug|Mixed Platforms.ActiveCfg = Debug|x86
		{31D993C4-D153-4D9C-86DB-A1E306BD6C23}.Debug|Mixed Platforms.Build.0 = Debug|x86
		{31D993C4-D153-4D9C-86DB-A1E306BD6C23}.Debug|Mixed Platforms.Deploy.0 = Debug|x86
		{31D993C4-D153-4D9C-86DB-A1E306BD6C23}.Debug|x86.ActiveCfg = Debug|x86
		{31D993C4-D153-4D9C-86DB-A1E306BD6C23}.Debug|x86.Build.0 = Debug|x86
		{31D993C4-D153-4D9C-86DB-A1E306BD6C23}.Debug|x86.Deploy.0 = Debug|x86
		{31D993C4-D153-4D9C-86DB-A1E306BD6C23}.Release|Any CPU.ActiveCfg = Release|Any CPU
		{31D993C4-D153-4D9C-86DB-A1E306BD6C23}.Release|Any CPU.Build.0 = Release|Any CPU
		{31D993C4-D153-4D9C-86DB-A1E306BD6C23}.Release|Any CPU.Deploy.0 = Release|Any CPU
		{31D993C4-D153-4D9C-86DB-A1E306BD6C23}.Release|ARM.ActiveCfg = Release|ARM
		{31D993C4-D153-4D9C-86DB-A1E306BD6C23}.Release|ARM.Build.0 = Release|ARM
		{31D993C4-D153-4D9C-86DB-A1E306BD6C23}.Release|ARM.Deploy.0 = Release|ARM
		{31D993C4-D153-4D9C-86DB-A1E306BD6C23}.Release|iPhone.ActiveCfg = Release|Any CPU
		{31D993C4-D153-4D9C-86DB-A1E306BD6C23}.Release|iPhoneSimulator.ActiveCfg = Release|Any CPU
		{31D993C4-D153-4D9C-86DB-A1E306BD6C23}.Release|Mixed Platforms.ActiveCfg = Release|x86
		{31D993C4-D153-4D9C-86DB-A1E306BD6C23}.Release|Mixed Platforms.Build.0 = Release|x86
		{31D993C4-D153-4D9C-86DB-A1E306BD6C23}.Release|Mixed Platforms.Deploy.0 = Release|x86
		{31D993C4-D153-4D9C-86DB-A1E306BD6C23}.Release|x86.ActiveCfg = Release|x86
		{31D993C4-D153-4D9C-86DB-A1E306BD6C23}.Release|x86.Build.0 = Release|x86
		{31D993C4-D153-4D9C-86DB-A1E306BD6C23}.Release|x86.Deploy.0 = Release|x86
	EndGlobalSection
	GlobalSection(SolutionProperties) = preSolution
		HideSolutionNode = FALSE
	EndGlobalSection
EndGlobal
